
Microsoft Visual Studio Solution File, Format Version 12.00
# Visual Studio Version 17
VisualStudioVersion = 17.13.35931.197
MinimumVisualStudioVersion = 10.0.40219.1
Project("{FAE04EC0-301F-11D3-BF4B-00C04F79EFBC}") = "WpfReactiveADS", "WpfReactiveADS\WpfReactiveADS.csproj", "{818AC01F-82C1-4477-990A-EAD402EB153D}"
EndProject
Global
	GlobalSection(SolutionConfigurationPlatforms) = preSolution
		Debug|Any CPU = Debug|Any CPU
		Release|Any CPU = Release|Any CPU
	EndGlobalSection
	GlobalSection(ProjectConfigurationPlatforms) = postSolution
		{818AC01F-82C1-4477-990A-EAD402EB153D}.Debug|Any CPU.ActiveCfg = Debug|Any CPU
		{818AC01F-82C1-4477-990A-EAD402EB153D}.Debug|Any CPU.Build.0 = Debug|Any CPU
		{818AC01F-82C1-4477-990A-EAD402EB153D}.Release|Any CPU.ActiveCfg = Release|Any CPU
		{818AC01F-82C1-4477-990A-EAD402EB153D}.Release|Any CPU.Build.0 = Release|Any CPU
	EndGlobalSection
	GlobalSection(SolutionProperties) = preSolution
		HideSolutionNode = FALSE
	EndGlobalSection
	GlobalSection(ExtensibilityGlobals) = postSolution
		SolutionGuid = {0EEC0A29-C765-4DEC-9247-341CC083D1FC}
	EndGlobalSection
EndGlobal
